
Microsoft Visual Studio Solution File, Format Version 12.00
# Visual Studio Version 17
VisualStudioVersion = 17.7.34202.233
MinimumVisualStudioVersion = 10.0.40219.1
Project("{9A19103F-16F7-4668-BE54-9A1E7A4F7556}") = "ApplicationProcessing", "ApplicationProcessing\ApplicationProcessing.csproj", "{73587898-0AF2-45EA-8535-055DEAB8170C}"
EndProject
Project("{9A19103F-16F7-4668-BE54-9A1E7A4F7556}") = "Database", "Database\Database.csproj", "{F83FC2BE-D9FE-4778-8A60-7E1D9D4B8B4E}"
EndProject
Global
	GlobalSection(SolutionConfigurationPlatforms) = preSolution
		Debug|Any CPU = Debug|Any CPU
		Release|Any CPU = Release|Any CPU
	EndGlobalSection
	GlobalSection(ProjectConfigurationPlatforms) = postSolution
		{73587898-0AF2-45EA-8535-055DEAB8170C}.Debug|Any CPU.ActiveCfg = Debug|Any CPU
		{73587898-0AF2-45EA-8535-055DEAB8170C}.Debug|Any CPU.Build.0 = Debug|Any CPU
		{73587898-0AF2-45EA-8535-055DEAB8170C}.Release|Any CPU.ActiveCfg = Release|Any CPU
		{73587898-0AF2-45EA-8535-055DEAB8170C}.Release|Any CPU.Build.0 = Release|Any CPU
		{F83FC2BE-D9FE-4778-8A60-7E1D9D4B8B4E}.Debug|Any CPU.ActiveCfg = Debug|Any CPU
		{F83FC2BE-D9FE-4778-8A60-7E1D9D4B8B4E}.Debug|Any CPU.Build.0 = Debug|Any CPU
		{F83FC2BE-D9FE-4778-8A60-7E1D9D4B8B4E}.Release|Any CPU.ActiveCfg = Release|Any CPU
		{F83FC2BE-D9FE-4778-8A60-7E1D9D4B8B4E}.Release|Any CPU.Build.0 = Release|Any CPU
	EndGlobalSection
	GlobalSection(SolutionProperties) = preSolution
		HideSolutionNode = FALSE
	EndGlobalSection
	GlobalSection(ExtensibilityGlobals) = postSolution
		SolutionGuid = {BAA71BE3-3A2D-4A1B-84DF-8A7B028D8D80}
	EndGlobalSection
EndGlobal
